
Microsoft Visual Studio Solution File, Format Version 12.00
# Visual Studio 2012
Project("{FAE04EC0-301F-11D3-BF4B-00C04F79EFBC}") = "Zadatak01", "PIZadaciZaVjezbu\Zadatak01.csproj", "{D2F2991F-F839-4979-AF25-69409766D2B8}"
EndProject
Project("{FAE04EC0-301F-11D3-BF4B-00C04F79EFBC}") = "Zadatak02", "Zadatak02\Zadatak02.csproj", "{C4E4F2B3-70D6-4643-A547-10A73B21B8F2}"
EndProject
Project("{FAE04EC0-301F-11D3-BF4B-00C04F79EFBC}") = "Zadatak03", "Zadatak03\Zadatak03.csproj", "{640BF343-DBAE-424E-BA6F-5F9A39FFC99A}"
EndProject
Project("{FAE04EC0-301F-11D3-BF4B-00C04F79EFBC}") = "Zadatak04", "Zadatak04\Zadatak04.csproj", "{BE0E5105-BBA0-4717-9092-54B0DEB7C4F0}"
EndProject
Project("{FAE04EC0-301F-11D3-BF4B-00C04F79EFBC}") = "Zadatak05", "Zadatak05\Zadatak05.csproj", "{3DE6484E-EC28-46CC-9EF7-CF57621C72F5}"
EndProject
Project("{FAE04EC0-301F-11D3-BF4B-00C04F79EFBC}") = "Zadatak06", "Zadatak06\Zadatak06.csproj", "{D0B30A74-E5FA-4E40-B77F-6A98D464CA4A}"
EndProject
Project("{FAE04EC0-301F-11D3-BF4B-00C04F79EFBC}") = "Zadatak08", "Zadatak08\Zadatak08.csproj", "{1C391161-8978-4D9E-8DFE-AF13CFDDC440}"
EndProject
Project("{FAE04EC0-301F-11D3-BF4B-00C04F79EFBC}") = "Zadatak09", "Zadatak09\Zadatak09.csproj", "{8A0A4232-8F53-4D58-9779-FB6250D5C9E5}"
EndProject
Project("{FAE04EC0-301F-11D3-BF4B-00C04F79EFBC}") = "Zadatak10", "Zadatak10\Zadatak10.csproj", "{A89B5B5D-C006-47CE-B4B0-4BC7ABCD753A}"
EndProject
Project("{FAE04EC0-301F-11D3-BF4B-00C04F79EFBC}") = "Zadatak11", "Zadatak11a\Zadatak11.csproj", "{7A10726E-A31F-4BFF-BDA8-18D3DBE8F2DB}"
EndProject
Project("{FAE04EC0-301F-11D3-BF4B-00C04F79EFBC}") = "Zadatak13", "Zadatak13\Zadatak13.csproj", "{A5E77A7F-045E-45EB-AA9B-608FDED2F94E}"
EndProject
Project("{FAE04EC0-301F-11D3-BF4B-00C04F79EFBC}") = "Zadatak14", "Zadatak14\Zadatak14.csproj", "{F5EA17C4-F623-49D9-A452-430F3F7026EC}"
EndProject
Project("{FAE04EC0-301F-11D3-BF4B-00C04F79EFBC}") = "Zadatak15", "Zadatak15\Zadatak15.csproj", "{216AC53A-3E9A-490D-9C87-6AAA279C1022}"
EndProject
Project("{FAE04EC0-301F-11D3-BF4B-00C04F79EFBC}") = "Zadatak19", "Zadatak19\Zadatak19.csproj", "{F1E456E6-B690-4A3E-927A-49B5A3289535}"
EndProject
Project("{FAE04EC0-301F-11D3-BF4B-00C04F79EFBC}") = "Zadatak20", "Zadatak20\Zadatak20.csproj", "{CB2191D6-BC82-44B7-8177-8A32F89A938E}"
EndProject
Project("{FAE04EC0-301F-11D3-BF4B-00C04F79EFBC}") = "Zadatak21", "Zadatak21\Zadatak21.csproj", "{6F41672B-2EFA-459B-ABA9-09E5CE426B3C}"
EndProject
Project("{FAE04EC0-301F-11D3-BF4B-00C04F79EFBC}") = "Zadatak22", "Zadatak22\Zadatak22.csproj", "{4DD73B2A-1605-4AE1-8098-DE079A816174}"
EndProject
Global
	GlobalSection(SolutionConfigurationPlatforms) = preSolution
		Debug|Any CPU = Debug|Any CPU
		Release|Any CPU = Release|Any CPU
	EndGlobalSection
	GlobalSection(ProjectConfigurationPlatforms) = postSolution
		{D2F2991F-F839-4979-AF25-69409766D2B8}.Debug|Any CPU.ActiveCfg = Debug|Any CPU
		{D2F2991F-F839-4979-AF25-69409766D2B8}.Debug|Any CPU.Build.0 = Debug|Any CPU
		{D2F2991F-F839-4979-AF25-69409766D2B8}.Release|Any CPU.ActiveCfg = Release|Any CPU
		{D2F2991F-F839-4979-AF25-69409766D2B8}.Release|Any CPU.Build.0 = Release|Any CPU
		{C4E4F2B3-70D6-4643-A547-10A73B21B8F2}.Debug|Any CPU.ActiveCfg = Debug|Any CPU
		{C4E4F2B3-70D6-4643-A547-10A73B21B8F2}.Debug|Any CPU.Build.0 = Debug|Any CPU
		{C4E4F2B3-70D6-4643-A547-10A73B21B8F2}.Release|Any CPU.ActiveCfg = Release|Any CPU
		{C4E4F2B3-70D6-4643-A547-10A73B21B8F2}.Release|Any CPU.Build.0 = Release|Any CPU
		{640BF343-DBAE-424E-BA6F-5F9A39FFC99A}.Debug|Any CPU.ActiveCfg = Debug|Any CPU
		{640BF343-DBAE-424E-BA6F-5F9A39FFC99A}.Debug|Any CPU.Build.0 = Debug|Any CPU
		{640BF343-DBAE-424E-BA6F-5F9A39FFC99A}.Release|Any CPU.ActiveCfg = Release|Any CPU
		{640BF343-DBAE-424E-BA6F-5F9A39FFC99A}.Release|Any CPU.Build.0 = Release|Any CPU
		{BE0E5105-BBA0-4717-9092-54B0DEB7C4F0}.Debug|Any CPU.ActiveCfg = Debug|Any CPU
		{BE0E5105-BBA0-4717-9092-54B0DEB7C4F0}.Debug|Any CPU.Build.0 = Debug|Any CPU
		{BE0E5105-BBA0-4717-9092-54B0DEB7C4F0}.Release|Any CPU.ActiveCfg = Release|Any CPU
		{BE0E5105-BBA0-4717-9092-54B0DEB7C4F0}.Release|Any CPU.Build.0 = Release|Any CPU
		{3DE6484E-EC28-46CC-9EF7-CF57621C72F5}.Debug|Any CPU.ActiveCfg = Debug|Any CPU
		{3DE6484E-EC28-46CC-9EF7-CF57621C72F5}.Debug|Any CPU.Build.0 = Debug|Any CPU
		{3DE6484E-EC28-46CC-9EF7-CF57621C72F5}.Release|Any CPU.ActiveCfg = Release|Any CPU
		{3DE6484E-EC28-46CC-9EF7-CF57621C72F5}.Release|Any CPU.Build.0 = Release|Any CPU
		{D0B30A74-E5FA-4E40-B77F-6A98D464CA4A}.Debug|Any CPU.ActiveCfg = Debug|Any CPU
		{D0B30A74-E5FA-4E40-B77F-6A98D464CA4A}.Debug|Any CPU.Build.0 = Debug|Any CPU
		{D0B30A74-E5FA-4E40-B77F-6A98D464CA4A}.Release|Any CPU.ActiveCfg = Release|Any CPU
		{D0B30A74-E5FA-4E40-B77F-6A98D464CA4A}.Release|Any CPU.Build.0 = Release|Any CPU
		{1C391161-8978-4D9E-8DFE-AF13CFDDC440}.Debug|Any CPU.ActiveCfg = Debug|Any CPU
		{1C391161-8978-4D9E-8DFE-AF13CFDDC440}.Debug|Any CPU.Build.0 = Debug|Any CPU
		{1C391161-8978-4D9E-8DFE-AF13CFDDC440}.Release|Any CPU.ActiveCfg = Release|Any CPU
		{1C391161-8978-4D9E-8DFE-AF13CFDDC440}.Release|Any CPU.Build.0 = Release|Any CPU
		{8A0A4232-8F53-4D58-9779-FB6250D5C9E5}.Debug|Any CPU.ActiveCfg = Debug|Any CPU
		{8A0A4232-8F53-4D58-9779-FB6250D5C9E5}.Debug|Any CPU.Build.0 = Debug|Any CPU
		{8A0A4232-8F53-4D58-9779-FB6250D5C9E5}.Release|Any CPU.ActiveCfg = Release|Any CPU
		{8A0A4232-8F53-4D58-9779-FB6250D5C9E5}.Release|Any CPU.Build.0 = Release|Any CPU
		{A89B5B5D-C006-47CE-B4B0-4BC7ABCD753A}.Debug|Any CPU.ActiveCfg = Debug|Any CPU
		{A89B5B5D-C006-47CE-B4B0-4BC7ABCD753A}.Debug|Any CPU.Build.0 = Debug|Any CPU
		{A89B5B5D-C006-47CE-B4B0-4BC7ABCD753A}.Release|Any CPU.ActiveCfg = Release|Any CPU
		{A89B5B5D-C006-47CE-B4B0-4BC7ABCD753A}.Release|Any CPU.Build.0 = Release|Any CPU
		{7A10726E-A31F-4BFF-BDA8-18D3DBE8F2DB}.Debug|Any CPU.ActiveCfg = Debug|Any CPU
		{7A10726E-A31F-4BFF-BDA8-18D3DBE8F2DB}.Debug|Any CPU.Build.0 = Debug|Any CPU
		{7A10726E-A31F-4BFF-BDA8-18D3DBE8F2DB}.Release|Any CPU.ActiveCfg = Release|Any CPU
		{7A10726E-A31F-4BFF-BDA8-18D3DBE8F2DB}.Release|Any CPU.Build.0 = Release|Any CPU
		{A5E77A7F-045E-45EB-AA9B-608FDED2F94E}.Debug|Any CPU.ActiveCfg = Debug|Any CPU
		{A5E77A7F-045E-45EB-AA9B-608FDED2F94E}.Debug|Any CPU.Build.0 = Debug|Any CPU
		{A5E77A7F-045E-45EB-AA9B-608FDED2F94E}.Release|Any CPU.ActiveCfg = Release|Any CPU
		{A5E77A7F-045E-45EB-AA9B-608FDED2F94E}.Release|Any CPU.Build.0 = Release|Any CPU
		{F5EA17C4-F623-49D9-A452-430F3F7026EC}.Debug|Any CPU.ActiveCfg = Debug|Any CPU
		{F5EA17C4-F623-49D9-A452-430F3F7026EC}.Debug|Any CPU.Build.0 = Debug|Any CPU
		{F5EA17C4-F623-49D9-A452-430F3F7026EC}.Release|Any CPU.ActiveCfg = Release|Any CPU
		{F5EA17C4-F623-49D9-A452-430F3F7026EC}.Release|Any CPU.Build.0 = Release|Any CPU
		{216AC53A-3E9A-490D-9C87-6AAA279C1022}.Debug|Any CPU.ActiveCfg = Debug|Any CPU
		{216AC53A-3E9A-490D-9C87-6AAA279C1022}.Debug|Any CPU.Build.0 = Debug|Any CPU
		{216AC53A-3E9A-490D-9C87-6AAA279C1022}.Release|Any CPU.ActiveCfg = Release|Any CPU
		{216AC53A-3E9A-490D-9C87-6AAA279C1022}.Release|Any CPU.Build.0 = Release|Any CPU
		{F1E456E6-B690-4A3E-927A-49B5A3289535}.Debug|Any CPU.ActiveCfg = Debug|Any CPU
		{F1E456E6-B690-4A3E-927A-49B5A3289535}.Debug|Any CPU.Build.0 = Debug|Any CPU
		{F1E456E6-B690-4A3E-927A-49B5A3289535}.Release|Any CPU.ActiveCfg = Release|Any CPU
		{F1E456E6-B690-4A3E-927A-49B5A3289535}.Release|Any CPU.Build.0 = Release|Any CPU
		{CB2191D6-BC82-44B7-8177-8A32F89A938E}.Debug|Any CPU.ActiveCfg = Debug|Any CPU
		{CB2191D6-BC82-44B7-8177-8A32F89A938E}.Debug|Any CPU.Build.0 = Debug|Any CPU
		{CB2191D6-BC82-44B7-8177-8A32F89A938E}.Release|Any CPU.ActiveCfg = Release|Any CPU
		{CB2191D6-BC82-44B7-8177-8A32F89A938E}.Release|Any CPU.Build.0 = Release|Any CPU
		{6F41672B-2EFA-459B-ABA9-09E5CE426B3C}.Debug|Any CPU.ActiveCfg = Debug|Any CPU
		{6F41672B-2EFA-459B-ABA9-09E5CE426B3C}.Debug|Any CPU.Build.0 = Debug|Any CPU
		{6F41672B-2EFA-459B-ABA9-09E5CE426B3C}.Release|Any CPU.ActiveCfg = Release|Any CPU
		{6F41672B-2EFA-459B-ABA9-09E5CE426B3C}.Release|Any CPU.Build.0 = Release|Any CPU
		{4DD73B2A-1605-4AE1-8098-DE079A816174}.Debug|Any CPU.ActiveCfg = Debug|Any CPU
		{4DD73B2A-1605-4AE1-8098-DE079A816174}.Debug|Any CPU.Build.0 = Debug|Any CPU
		{4DD73B2A-1605-4AE1-8098-DE079A816174}.Release|Any CPU.ActiveCfg = Release|Any CPU
		{4DD73B2A-1605-4AE1-8098-DE079A816174}.Release|Any CPU.Build.0 = Release|Any CPU
	EndGlobalSection
	GlobalSection(SolutionProperties) = preSolution
		HideSolutionNode = FALSE
	EndGlobalSection
EndGlobal
